<Solution>
  <Project Path="Application/Application.csproj" />
  <Project Path="CustomerServiceCampaignAK/CustomerServiceCampaignAK.csproj" />
  <Project Path="Domain/Domain.csproj" />
  <Project Path="Infrastructure/Infrastructure.csproj" />
  <Project Path="Persistance/Persistance.csproj" />
</Solution>
